<?xml version="1.0" encoding="UTF-8" standalone="yes" ?>
<CodeBlocks_project_file>
	<FileVersion major="1" minor="6" />
	<Project>
		<Option title="wxgui" />
		<Option platforms="Windows;" />
		<Option makefile="makefile" />
		<Option pch_mode="2" />
		<Option compiler="gcc" />
		<Build>
			<Target title="Debug-GCC">
				<Option platforms="Windows;" />
				<Option output="../../bin/ultradefrag" prefix_auto="1" extension_auto="1" />
				<Option working_dir="../../bin" />
				<Option object_output="../../obj/GCC/wxgui/" />
				<Option type="0" />
				<Option compiler="gcc" />
				<Option projectCompilerOptionsRelation="1" />
				<Option projectLinkerOptionsRelation="0" />
				<Option projectIncludeDirsRelation="0" />
				<Option projectResourceIncludeDirsRelation="0" />
				<Option projectLibDirsRelation="0" />
				<Compiler>
					<Add option="-Wall" />
					<Add option="-g" />
					<Add option="-DDEBUG" />
				</Compiler>
			</Target>
			<Target title="Release-GCC">
				<Option platforms="Windows;" />
				<Option output="../../bin/ultradefrag" prefix_auto="1" extension_auto="1" />
				<Option working_dir="../../bin" />
				<Option object_output="../../obj/GCC/wxgui/" />
				<Option type="0" />
				<Option compiler="gcc" />
				<Option projectCompilerOptionsRelation="1" />
				<Option projectLinkerOptionsRelation="0" />
				<Option projectIncludeDirsRelation="0" />
				<Option projectResourceIncludeDirsRelation="0" />
				<Option projectLibDirsRelation="0" />
				<Compiler>
					<Add option="-O3" />
					<Add option="-Wall" />
					<Add option="-DNDEBUG" />
				</Compiler>
				<Linker>
					<Add option="-s" />
				</Linker>
			</Target>
			<Target title="Debug-MSVC">
				<Option platforms="Windows;" />
				<Option output="../../bin/UltraDefrag" prefix_auto="1" extension_auto="1" />
				<Option working_dir="../../bin/" />
				<Option object_output="../../obj/MSVC/wxgui/" />
				<Option type="0" />
				<Option compiler="msvc10" />
				<Option projectCompilerOptionsRelation="1" />
				<Option projectLinkerOptionsRelation="1" />
				<Option projectIncludeDirsRelation="1" />
				<Option projectResourceIncludeDirsRelation="1" />
				<Option projectLibDirsRelation="1" />
				<Compiler>
					<Add option="/MT" />
					<Add option="/EHc" />
					<Add option="/EHs" />
					<Add option="/W3" />
					<Add option="/Zi" />
					<Add option="/DDEBUG" />
					<Add option="/D_CRT_SECURE_NO_WARNINGS" />
					<Add directory="$(WXWIDGETSDIR)/include/" />
					<Add directory="$(WXWIDGETSDIR)/lib/vc_libwinsdk-X86/mswu" />
				</Compiler>
				<ResourceCompiler>
					<Add directory="$(WXWIDGETSDIR)/include" />
				</ResourceCompiler>
				<Linker>
					<Add option="/DEBUG" />
					<Add option="/MANIFEST:NO" />
					<Add library="zenwinx" />
					<Add library="udefrag" />
					<Add library="lua5.1a" />
					<Add library="wxmsw28u_adv" />
					<Add library="wxmsw28u_core" />
					<Add library="wxpng" />
					<Add library="wxzlib" />
					<Add library="wxbase28u" />
					<Add library="kernel32" />
					<Add library="user32" />
					<Add library="gdi32" />
					<Add library="winspool" />
					<Add library="comdlg32" />
					<Add library="advapi32" />
					<Add library="ole32" />
					<Add library="oleaut32" />
					<Add library="uuid" />
					<Add library="powrprof" />
					<Add library="comctl32" />
					<Add library="wsock32" />
					<Add library="odbc32" />
					<Add library="shell32" />
					<Add directory="../../lib" />
					<Add directory="$(WXWIDGETSDIR)/lib/vc_libwinsdk-X86" />
				</Linker>
			</Target>
			<Target title="Release-MSVC">
				<Option platforms="Windows;" />
				<Option output="../../bin/UltraDefrag" prefix_auto="1" extension_auto="1" />
				<Option working_dir="../../bin/" />
				<Option object_output="../../obj/MSVC/wxgui/" />
				<Option type="0" />
				<Option compiler="msvc10" />
				<Option projectCompilerOptionsRelation="1" />
				<Option projectLinkerOptionsRelation="1" />
				<Option projectIncludeDirsRelation="1" />
				<Option projectResourceIncludeDirsRelation="1" />
				<Option projectLibDirsRelation="1" />
				<Compiler>
					<Add option="/MT" />
					<Add option="/arch:SSE2" />
					<Add option="/GA" />
					<Add option="/EHc" />
					<Add option="/EHs" />
					<Add option="/W3" />
					<Add option="/DNDEBUG" />
					<Add option="/D_CRT_SECURE_NO_WARNINGS" />
					<Add directory="$(WXWIDGETSDIR)/include/" />
					<Add directory="$(WXWIDGETSDIR)/lib/vc_libwinsdk-X86/mswu" />
				</Compiler>
				<ResourceCompiler>
					<Add directory="$(WXWIDGETSDIR)/include" />
				</ResourceCompiler>
				<Linker>
					<Add option="/MANIFEST:NO" />
					<Add library="zenwinx" />
					<Add library="udefrag" />
					<Add library="lua5.1a" />
					<Add library="wxmsw28u_adv" />
					<Add library="wxmsw28u_core" />
					<Add library="wxpng" />
					<Add library="wxzlib" />
					<Add library="wxbase28u" />
					<Add library="kernel32" />
					<Add library="user32" />
					<Add library="gdi32" />
					<Add library="winspool" />
					<Add library="comdlg32" />
					<Add library="advapi32" />
					<Add library="ole32" />
					<Add library="oleaut32" />
					<Add library="uuid" />
					<Add library="powrprof" />
					<Add library="comctl32" />
					<Add library="wsock32" />
					<Add library="odbc32" />
					<Add library="shell32" />
					<Add directory="../../lib" />
					<Add directory="$(WXWIDGETSDIR)/lib/vc_libwinsdk-X86" />
				</Linker>
			</Target>
			<Environment>
				<Variable name="WXWIDGETSDIR" value="C:\Software\wxWidgets-2.8.12" />
			</Environment>
		</Build>
		<Compiler>
			<Add directory="$(WXWIDGETSDIR)/include" />
			<Add directory="$(WXWIDGETSDIR)/lib/gcc_libmingw-X86/mswu" />
		</Compiler>
		<ResourceCompiler>
			<Add directory="$(WXWIDGETSDIR)/include" />
		</ResourceCompiler>
		<Linker>
			<Add library="libudefrag.dll.a" />
			<Add library="libzenwinx.dll.a" />
			<Add library="liblua5.1a.dll.a" />
			<Add library="libwxmsw28u_adv.a" />
			<Add library="libwxmsw28u_core.a" />
			<Add library="libwxpng.a" />
			<Add library="libwxzlib.a" />
			<Add library="libwxbase28u.a" />
			<Add library="libkernel32.a" />
			<Add library="libuser32.a" />
			<Add library="libgdi32.a" />
			<Add library="libwinspool.a" />
			<Add library="libcomdlg32.a" />
			<Add library="libadvapi32.a" />
			<Add library="libole32.a" />
			<Add library="liboleaut32.a" />
			<Add library="libuuid.a" />
			<Add library="libpowrprof.a" />
			<Add library="libcomctl32.a" />
			<Add library="libwsock32.a" />
			<Add library="libodbc32.a" />
			<Add library="libshell32.a" />
			<Add directory="../../lib" />
			<Add directory="$(WXWIDGETSDIR)/lib/gcc_libmingw-X86" />
		</Linker>
		<Unit filename="about.cpp" />
		<Unit filename="btd.cpp" />
		<Unit filename="config.cpp" />
		<Unit filename="crash.cpp" />
		<Unit filename="fileslist.cpp" />
		<Unit filename="i18n.cpp" />
		<Unit filename="job.cpp" />
		<Unit filename="log.cpp" />
		<Unit filename="main.cpp" />
		<Unit filename="main.h" />
		<Unit filename="map.cpp" />
		<Unit filename="menu.cpp" />
		<Unit filename="query.cpp" />
		<Unit filename="report.cpp" />
		<Unit filename="shutdown.cpp" />
		<Unit filename="statbar.cpp" />
		<Unit filename="taskbar.cpp" />
		<Unit filename="toolbar.cpp" />
		<Unit filename="tray.cpp" />
		<Unit filename="udefrag-internals_flags.h" />
		<Unit filename="upgrade.cpp" />
		<Unit filename="utils.cpp" />
		<Unit filename="vollist.cpp" />
		<Unit filename="wxgui.rc">
			<Option compilerVar="WINDRES" />
		</Unit>
		<Extensions>
			<code_completion />
			<envvars />
			<debugger />
		</Extensions>
	</Project>
</CodeBlocks_project_file>
