<?xml version="1.0" encoding="UTF-8" standalone="yes" ?>
<CodeBlocks_project_file>
	<FileVersion major="1" minor="6" />
	<Project>
		<Option title="wxgui" />
		<Option platforms="Windows;" />
		<Option makefile="makefile" />
		<Option pch_mode="2" />
		<Option compiler="msvc10" />
		<Build>
			<Target title="Release">
				<Option platforms="Windows;" />
				<Option output="../bin/UltraDefrag" prefix_auto="1" extension_auto="1" />
				<Option working_dir="../bin/" />
				<Option object_output="../obj/" />
				<Option type="0" />
				<Option compiler="msvc10" />
				<Option projectCompilerOptionsRelation="0" />
				<Option projectLinkerOptionsRelation="0" />
				<Option projectIncludeDirsRelation="0" />
				<Option projectResourceIncludeDirsRelation="0" />
				<Option projectLibDirsRelation="0" />
			</Target>
		</Build>
		<Compiler>
			<Add option="/MT" />
			<Add option="/arch:SSE2" />
			<Add option="/Ox" />
			<Add option="/W3" />
			<Add directory="C:/Software/wxWidgets-2.8.12/include/" />
			<Add directory="C:/Software/wxWidgets-2.8.12/lib/vc_libwinsdk-X86/mswu" />
		</Compiler>
		<ResourceCompiler>
			<Add directory="C:/Software/wxWidgets-2.8.12/include" />
		</ResourceCompiler>
		<Linker>
			<Add option="/MANIFEST:NO" />
			<Add library="native" />
			<Add library="lua5.1a" />
			<Add library="wxmsw28u_adv" />
			<Add library="wxmsw28u_core" />
			<Add library="wxpng" />
			<Add library="wxzlib" />
			<Add library="wxbase28u" />
			<Add library="kernel32" />
			<Add library="user32" />
			<Add library="gdi32" />
			<Add library="winspool" />
			<Add library="comdlg32" />
			<Add library="advapi32" />
			<Add library="shell32" />
			<Add library="ole32" />
			<Add library="oleaut32" />
			<Add library="uuid" />
			<Add library="powrprof" />
			<Add library="comctl32" />
			<Add library="wsock32" />
			<Add library="odbc32" />
			<Add directory="C:/Software/udefrag/lib" />
			<Add directory="C:/Software/wxWidgets-2.8.12/include" />
			<Add directory="C:/Software/wxWidgets-2.8.12/lib/vc_libwinsdk-X86" />
			<Add directory="C:/Program Files (x86)/Microsoft SDKs/Windows/v7.0A/Lib" />
		</Linker>
		<Unit filename="about.cpp" />
		<Unit filename="btd.cpp" />
		<Unit filename="config.cpp" />
		<Unit filename="crash.cpp" />
		<Unit filename="fileslist.cpp" />
		<Unit filename="i18n.cpp" />
		<Unit filename="job.cpp" />
		<Unit filename="log.cpp" />
		<Unit filename="main.cpp" />
		<Unit filename="main.h" />
		<Unit filename="map.cpp" />
		<Unit filename="menu.cpp" />
		<Unit filename="report.cpp" />
		<Unit filename="shutdown.cpp" />
		<Unit filename="statbar.cpp" />
		<Unit filename="taskbar.cpp" />
		<Unit filename="toolbar.cpp" />
		<Unit filename="tray.cpp" />
		<Unit filename="upgrade.cpp" />
		<Unit filename="utils.cpp" />
		<Unit filename="vollist.cpp" />
		<Unit filename="wxgui.rc">
			<Option compilerVar="WINDRES" />
		</Unit>
		<Extensions>
			<code_completion />
			<envvars />
			<debugger />
			<DoxyBlocks>
				<comment_style block="0" line="0" />
				<doxyfile_project />
				<doxyfile_build />
				<doxyfile_warnings />
				<doxyfile_output />
				<doxyfile_dot class_diagrams="1" have_dot="1" />
				<general />
			</DoxyBlocks>
			<wxsmith version="1">
				<gui name="wxWidgets" src="" main="" init_handlers="necessary" language="CPP" />
			</wxsmith>
		</Extensions>
	</Project>
</CodeBlocks_project_file>
